github.com/google/goterm v0.0.0-20180511025805-70e1c2638185 h1:B0vYQqEJMLTJ4SkQ+T7xUp1Y2XwiOkq9ktN3jdO0VAo=
github.com/google/goterm v0.0.0-20180511025805-70e1c2638185/go.mod h1:nOFQdrUlIlx6M6ODdSpBj1NVA+VgLC6kmw60mkw34H4=
github.com/matryer/is v1.2.0 h1:92UTHpy8CDwaJ08GqLDzhhuixiBUUD1p3AU6PHddz4A=
github.com/matryer/is v1.2.0/go.mod h1:2fLPjFQM9rhQ15aVEtbuwhJinnOqrmgXPNdZsdwlWXA=
golang.org/x/sys v0.0.0-20181221065408-8ff4e546d48b h1:a60GYo9Qky2H5qWOLCJY5953zV+2VBAZneMvsIiFx8M=
golang.org/x/sys v0.0.0-20181221065408-8ff4e546d48b/go.mod h1:STP8DvDyc/dI5b8T5hshtkjS+E42TnysNCUPdjciGhY=
